
Microsoft Visual Studio Solution File, Format Version 12.00
# Visual Studio Version 17
VisualStudioVersion = 17.5.2.0
MinimumVisualStudioVersion = 10.0.40219.1
Project("{FAE04EC0-301F-11D3-BF4B-00C04F79EFBC}") = "frnq-api", "frnq-api.csproj", "{6663186E-CDC0-3C68-00ED-B1510FEBBBD9}"
EndProject
Project("{FAE04EC0-301F-11D3-BF4B-00C04F79EFBC}") = "frnq-api-testing", "..\backend-testing\frnq-api-testing.csproj", "{F8DD6FAC-2D23-4031-82B0-CEC2B76F7C43}"
EndProject
Global
	GlobalSection(SolutionConfigurationPlatforms) = preSolution
		Debug|Any CPU = Debug|Any CPU
		Release|Any CPU = Release|Any CPU
	EndGlobalSection
	GlobalSection(ProjectConfigurationPlatforms) = postSolution
		{6663186E-CDC0-3C68-00ED-B1510FEBBBD9}.Debug|Any CPU.ActiveCfg = Debug|Any CPU
		{6663186E-CDC0-3C68-00ED-B1510FEBBBD9}.Debug|Any CPU.Build.0 = Debug|Any CPU
		{6663186E-CDC0-3C68-00ED-B1510FEBBBD9}.Release|Any CPU.ActiveCfg = Release|Any CPU
		{6663186E-CDC0-3C68-00ED-B1510FEBBBD9}.Release|Any CPU.Build.0 = Release|Any CPU
		{F8DD6FAC-2D23-4031-82B0-CEC2B76F7C43}.Debug|Any CPU.ActiveCfg = Debug|Any CPU
		{F8DD6FAC-2D23-4031-82B0-CEC2B76F7C43}.Debug|Any CPU.Build.0 = Debug|Any CPU
		{F8DD6FAC-2D23-4031-82B0-CEC2B76F7C43}.Release|Any CPU.ActiveCfg = Release|Any CPU
		{F8DD6FAC-2D23-4031-82B0-CEC2B76F7C43}.Release|Any CPU.Build.0 = Release|Any CPU
	EndGlobalSection
	GlobalSection(SolutionProperties) = preSolution
		HideSolutionNode = FALSE
	EndGlobalSection
	GlobalSection(ExtensibilityGlobals) = postSolution
		SolutionGuid = {1B13C5D6-6C4D-4D4C-93B4-9FF02F570A69}
	EndGlobalSection
EndGlobal
